
Microsoft Visual Studio Solution File, Format Version 12.00
# Visual Studio 2013
VisualStudioVersion = 12.0.40629.0
MinimumVisualStudioVersion = 10.0.40219.1
Project("{FAE04EC0-301F-11D3-BF4B-00C04F79EFBC}") = "SpectrumAnalyzer", "SpectrumAnalyzer\SpectrumAnalyzer.csproj", "{D348AF01-A02C-4E3E-8C85-6051D4805D2F}"
EndProject
Global
	GlobalSection(SolutionConfigurationPlatforms) = preSolution
		Debug|AnyCPU = Debug|AnyCPU
		Release|AnyCPU = Release|AnyCPU
	EndGlobalSection
	GlobalSection(ProjectConfigurationPlatforms) = postSolution
		{D348AF01-A02C-4E3E-8C85-6051D4805D2F}.Debug|AnyCPU.ActiveCfg = Debug|AnyCPU
		{D348AF01-A02C-4E3E-8C85-6051D4805D2F}.Debug|AnyCPU.Build.0 = Debug|AnyCPU
		{D348AF01-A02C-4E3E-8C85-6051D4805D2F}.Release|AnyCPU.ActiveCfg = Release|AnyCPU
		{D348AF01-A02C-4E3E-8C85-6051D4805D2F}.Release|AnyCPU.Build.0 = Release|AnyCPU
	EndGlobalSection
	GlobalSection(SolutionProperties) = preSolution
		HideSolutionNode = FALSE
	EndGlobalSection
EndGlobal
